PODS:
  - Alamofire (5.6.4)
  - Localize-Swift (3.2.0):
    - Localize-Swift/LocalizeSwiftCore (= 3.2.0)
    - Localize-Swift/UIKit (= 3.2.0)
  - Localize-Swift/LocalizeSwiftCore (3.2.0)
  - Localize-Swift/UIKit (3.2.0):
    - Localize-Swift/LocalizeSwiftCore
  - Moya (14.0.0):
    - Moya/Core (= 14.0.0)
  - Moya/Core (14.0.0):
    - Alamofire (~> 5.0)
  - R.swift (7.2.4)
  - Swinject (2.8.2)

DEPENDENCIES:
  - Localize-Swift
  - Moya (~> 14.0)
  - R.swift
  - Swinject

SPEC REPOS:
  trunk:
    - Alamofire
    - Localize-Swift
    - Moya
    - R.swift
    - Swinject

SPEC CHECKSUMS:
  Alamofire: 4e95d97098eacb88856099c4fc79b526a299e48c
  Localize-Swift: 6f4475136bdb0d7b2882ea3d4ea919d70142b232
  Moya: 5b45dacb75adb009f97fde91c204c1e565d31916
  R.swift: 681bb9135f482e7a81d9d27445b837fef5467e11
  Swinject: b4a11b31992e8668308dc594ba1cb9b3164a37ab

PODFILE CHECKSUM: 7a008db58a55a1c4d7afa96a99f40d37c3d61e68

COCOAPODS: 1.11.3
